
Microsoft Visual Studio Solution File, Format Version 12.00
# Visual Studio Version 16
VisualStudioVersion = 16.0.33130.400
MinimumVisualStudioVersion = 10.0.40219.1
Project("{FAE04EC0-301F-11D3-BF4B-00C04F79EFBC}") = "Web-Api-Core-Entity-Framework", "Web-Api-Core-Entity-Framework\Web-Api-Core-Entity-Framework.csproj", "{84E7852C-6C75-4A92-AD38-8E9305C65535}"
EndProject
Global
	GlobalSection(SolutionConfigurationPlatforms) = preSolution
		Debug|Any CPU = Debug|Any CPU
		Release|Any CPU = Release|Any CPU
	EndGlobalSection
	GlobalSection(ProjectConfigurationPlatforms) = postSolution
		{84E7852C-6C75-4A92-AD38-8E9305C65535}.Debug|Any CPU.ActiveCfg = Debug|Any CPU
		{84E7852C-6C75-4A92-AD38-8E9305C65535}.Debug|Any CPU.Build.0 = Debug|Any CPU
		{84E7852C-6C75-4A92-AD38-8E9305C65535}.Release|Any CPU.ActiveCfg = Release|Any CPU
		{84E7852C-6C75-4A92-AD38-8E9305C65535}.Release|Any CPU.Build.0 = Release|Any CPU
	EndGlobalSection
	GlobalSection(SolutionProperties) = preSolution
		HideSolutionNode = FALSE
	EndGlobalSection
	GlobalSection(ExtensibilityGlobals) = postSolution
		SolutionGuid = {6E06552E-A998-4468-BB64-573872BD31A2}
	EndGlobalSection
EndGlobal
